
Microsoft Visual Studio Solution File, Format Version 12.00
Project("{FAE04EC0-301F-11D3-BF4B-00C04F79EFBC}") = "BombRushRadio", "BombRushRadio\BombRushRadio.csproj", "{191B7827-2B63-4A4F-BC1B-B6D72F3A5B31}"
EndProject
Global
	GlobalSection(SolutionConfigurationPlatforms) = preSolution
		Debug|Any CPU = Debug|Any CPU
		Release|Any CPU = Release|Any CPU
	EndGlobalSection
	GlobalSection(ProjectConfigurationPlatforms) = postSolution
		{191B7827-2B63-4A4F-BC1B-B6D72F3A5B31}.Debug|Any CPU.ActiveCfg = Debug|Any CPU
		{191B7827-2B63-4A4F-BC1B-B6D72F3A5B31}.Debug|Any CPU.Build.0 = Debug|Any CPU
		{191B7827-2B63-4A4F-BC1B-B6D72F3A5B31}.Release|Any CPU.ActiveCfg = Release|Any CPU
		{191B7827-2B63-4A4F-BC1B-B6D72F3A5B31}.Release|Any CPU.Build.0 = Release|Any CPU
	EndGlobalSection
EndGlobal
